
Microsoft Visual Studio Solution File, Format Version 12.00
# Visual Studio Version 17
VisualStudioVersion = 17.9.34728.123
MinimumVisualStudioVersion = 10.0.40219.1
Project("{FAE04EC0-301F-11D3-BF4B-00C04F79EFBC}") = "CodeCampus.Infrastructure", "CodeCampus.Infrastructure\CodeCampus.Infrastructure.csproj", "{1B977F9D-2EDA-4035-8436-C9B5BE96CCC2}"
EndProject
Project("{FAE04EC0-301F-11D3-BF4B-00C04F79EFBC}") = "CodeCampus.Web", "CodeCampus.Web\CodeCampus.Web.csproj", "{441E8864-D9B4-4C25-8091-B4793B384665}"
EndProject
Global
	GlobalSection(SolutionConfigurationPlatforms) = preSolution
		Debug|Any CPU = Debug|Any CPU
		Release|Any CPU = Release|Any CPU
	EndGlobalSection
	GlobalSection(ProjectConfigurationPlatforms) = postSolution
		{1B977F9D-2EDA-4035-8436-C9B5BE96CCC2}.Debug|Any CPU.ActiveCfg = Debug|Any CPU
		{1B977F9D-2EDA-4035-8436-C9B5BE96CCC2}.Debug|Any CPU.Build.0 = Debug|Any CPU
		{1B977F9D-2EDA-4035-8436-C9B5BE96CCC2}.Release|Any CPU.ActiveCfg = Release|Any CPU
		{1B977F9D-2EDA-4035-8436-C9B5BE96CCC2}.Release|Any CPU.Build.0 = Release|Any CPU
		{441E8864-D9B4-4C25-8091-B4793B384665}.Debug|Any CPU.ActiveCfg = Debug|Any CPU
		{441E8864-D9B4-4C25-8091-B4793B384665}.Debug|Any CPU.Build.0 = Debug|Any CPU
		{441E8864-D9B4-4C25-8091-B4793B384665}.Release|Any CPU.ActiveCfg = Release|Any CPU
		{441E8864-D9B4-4C25-8091-B4793B384665}.Release|Any CPU.Build.0 = Release|Any CPU
	EndGlobalSection
	GlobalSection(SolutionProperties) = preSolution
		HideSolutionNode = FALSE
	EndGlobalSection
	GlobalSection(ExtensibilityGlobals) = postSolution
		SolutionGuid = {7A2285D5-F746-4C18-9C50-E1B4A0C8765A}
	EndGlobalSection
EndGlobal
